
Microsoft Visual Studio Solution File, Format Version 12.00
# Visual Studio Version 17
VisualStudioVersion = 17.0.31903.59
MinimumVisualStudioVersion = 10.0.40219.1
Project("{2150E333-8FDC-42A3-9474-1A3956D46DE8}") = "src", "src", "{827E0CD3-B72D-47B6-A68D-7590B98EB39B}"
EndProject
Project("{FAE04EC0-301F-11D3-BF4B-00C04F79EFBC}") = "DateMap.Domain", "src\DateMap.Domain\DateMap.Domain.csproj", "{CB53D576-CAE3-417D-A3DC-899FC6E873EE}"
EndProject
Project("{FAE04EC0-301F-11D3-BF4B-00C04F79EFBC}") = "DateMap.Application", "src\DateMap.Application\DateMap.Application.csproj", "{218FBA5E-4CA4-4054-95E0-DA7AB31BDAB6}"
EndProject
Project("{FAE04EC0-301F-11D3-BF4B-00C04F79EFBC}") = "DateMap.Infrastructure", "src\DateMap.Infrastructure\DateMap.Infrastructure.csproj", "{013E1125-F9CA-477E-ABC1-74EADB0030D7}"
EndProject
Project("{FAE04EC0-301F-11D3-BF4B-00C04F79EFBC}") = "DateMap.Api", "src\DateMap.Api\DateMap.Api.csproj", "{A6C00534-7191-4D0F-A782-131BCA88B740}"
EndProject
Project("{2150E333-8FDC-42A3-9474-1A3956D46DE8}") = "tests", "tests", "{0AB3BF05-4346-4AA6-1389-037BE0695223}"
EndProject
Project("{FAE04EC0-301F-11D3-BF4B-00C04F79EFBC}") = "DateMap.Domain.Tests", "tests\DateMap.Domain.Tests\DateMap.Domain.Tests.csproj", "{D07CBEBA-39F8-4A6B-A0E2-76069D4D13F7}"
EndProject
Project("{FAE04EC0-301F-11D3-BF4B-00C04F79EFBC}") = "DateMap.Application.Tests", "tests\DateMap.Application.Tests\DateMap.Application.Tests.csproj", "{248F790B-180F-49DE-9128-A8B62E50CC15}"
EndProject
Project("{FAE04EC0-301F-11D3-BF4B-00C04F79EFBC}") = "DateMap.IntegrationTests", "tests\DateMap.IntegrationTests\DateMap.IntegrationTests.csproj", "{8F36B014-829D-4EFF-B1BD-E73B084ED5B2}"
EndProject
Global
	GlobalSection(SolutionConfigurationPlatforms) = preSolution
		Debug|Any CPU = Debug|Any CPU
		Debug|x64 = Debug|x64
		Debug|x86 = Debug|x86
		Release|Any CPU = Release|Any CPU
		Release|x64 = Release|x64
		Release|x86 = Release|x86
	EndGlobalSection
	GlobalSection(ProjectConfigurationPlatforms) = postSolution
		{CB53D576-CAE3-417D-A3DC-899FC6E873EE}.Debug|Any CPU.ActiveCfg = Debug|Any CPU
		{CB53D576-CAE3-417D-A3DC-899FC6E873EE}.Debug|Any CPU.Build.0 = Debug|Any CPU
		{CB53D576-CAE3-417D-A3DC-899FC6E873EE}.Debug|x64.ActiveCfg = Debug|Any CPU
		{CB53D576-CAE3-417D-A3DC-899FC6E873EE}.Debug|x64.Build.0 = Debug|Any CPU
		{CB53D576-CAE3-417D-A3DC-899FC6E873EE}.Debug|x86.ActiveCfg = Debug|Any CPU
		{CB53D576-CAE3-417D-A3DC-899FC6E873EE}.Debug|x86.Build.0 = Debug|Any CPU
		{CB53D576-CAE3-417D-A3DC-899FC6E873EE}.Release|Any CPU.ActiveCfg = Release|Any CPU
		{CB53D576-CAE3-417D-A3DC-899FC6E873EE}.Release|Any CPU.Build.0 = Release|Any CPU
		{CB53D576-CAE3-417D-A3DC-899FC6E873EE}.Release|x64.ActiveCfg = Release|Any CPU
		{CB53D576-CAE3-417D-A3DC-899FC6E873EE}.Release|x64.Build.0 = Release|Any CPU
		{CB53D576-CAE3-417D-A3DC-899FC6E873EE}.Release|x86.ActiveCfg = Release|Any CPU
		{CB53D576-CAE3-417D-A3DC-899FC6E873EE}.Release|x86.Build.0 = Release|Any CPU
		{218FBA5E-4CA4-4054-95E0-DA7AB31BDAB6}.Debug|Any CPU.ActiveCfg = Debug|Any CPU
		{218FBA5E-4CA4-4054-95E0-DA7AB31BDAB6}.Debug|Any CPU.Build.0 = Debug|Any CPU
		{218FBA5E-4CA4-4054-95E0-DA7AB31BDAB6}.Debug|x64.ActiveCfg = Debug|Any CPU
		{218FBA5E-4CA4-4054-95E0-DA7AB31BDAB6}.Debug|x64.Build.0 = Debug|Any CPU
		{218FBA5E-4CA4-4054-95E0-DA7AB31BDAB6}.Debug|x86.ActiveCfg = Debug|Any CPU
		{218FBA5E-4CA4-4054-95E0-DA7AB31BDAB6}.Debug|x86.Build.0 = Debug|Any CPU
		{218FBA5E-4CA4-4054-95E0-DA7AB31BDAB6}.Release|Any CPU.ActiveCfg = Release|Any CPU
		{218FBA5E-4CA4-4054-95E0-DA7AB31BDAB6}.Release|Any CPU.Build.0 = Release|Any CPU
		{218FBA5E-4CA4-4054-95E0-DA7AB31BDAB6}.Release|x64.ActiveCfg = Release|Any CPU
		{218FBA5E-4CA4-4054-95E0-DA7AB31BDAB6}.Release|x64.Build.0 = Release|Any CPU
		{218FBA5E-4CA4-4054-95E0-DA7AB31BDAB6}.Release|x86.ActiveCfg = Release|Any CPU
		{218FBA5E-4CA4-4054-95E0-DA7AB31BDAB6}.Release|x86.Build.0 = Release|Any CPU
		{013E1125-F9CA-477E-ABC1-74EADB0030D7}.Debug|Any CPU.ActiveCfg = Debug|Any CPU
		{013E1125-F9CA-477E-ABC1-74EADB0030D7}.Debug|Any CPU.Build.0 = Debug|Any CPU
		{013E1125-F9CA-477E-ABC1-74EADB0030D7}.Debug|x64.ActiveCfg = Debug|Any CPU
		{013E1125-F9CA-477E-ABC1-74EADB0030D7}.Debug|x64.Build.0 = Debug|Any CPU
		{013E1125-F9CA-477E-ABC1-74EADB0030D7}.Debug|x86.ActiveCfg = Debug|Any CPU
		{013E1125-F9CA-477E-ABC1-74EADB0030D7}.Debug|x86.Build.0 = Debug|Any CPU
		{013E1125-F9CA-477E-ABC1-74EADB0030D7}.Release|Any CPU.ActiveCfg = Release|Any CPU
		{013E1125-F9CA-477E-ABC1-74EADB0030D7}.Release|Any CPU.Build.0 = Release|Any CPU
		{013E1125-F9CA-477E-ABC1-74EADB0030D7}.Release|x64.ActiveCfg = Release|Any CPU
		{013E1125-F9CA-477E-ABC1-74EADB0030D7}.Release|x64.Build.0 = Release|Any CPU
		{013E1125-F9CA-477E-ABC1-74EADB0030D7}.Release|x86.ActiveCfg = Release|Any CPU
		{013E1125-F9CA-477E-ABC1-74EADB0030D7}.Release|x86.Build.0 = Release|Any CPU
		{A6C00534-7191-4D0F-A782-131BCA88B740}.Debug|Any CPU.ActiveCfg = Debug|Any CPU
		{A6C00534-7191-4D0F-A782-131BCA88B740}.Debug|Any CPU.Build.0 = Debug|Any CPU
		{A6C00534-7191-4D0F-A782-131BCA88B740}.Debug|x64.ActiveCfg = Debug|Any CPU
		{A6C00534-7191-4D0F-A782-131BCA88B740}.Debug|x64.Build.0 = Debug|Any CPU
		{A6C00534-7191-4D0F-A782-131BCA88B740}.Debug|x86.ActiveCfg = Debug|Any CPU
		{A6C00534-7191-4D0F-A782-131BCA88B740}.Debug|x86.Build.0 = Debug|Any CPU
		{A6C00534-7191-4D0F-A782-131BCA88B740}.Release|Any CPU.ActiveCfg = Release|Any CPU
		{A6C00534-7191-4D0F-A782-131BCA88B740}.Release|Any CPU.Build.0 = Release|Any CPU
		{A6C00534-7191-4D0F-A782-131BCA88B740}.Release|x64.ActiveCfg = Release|Any CPU
		{A6C00534-7191-4D0F-A782-131BCA88B740}.Release|x64.Build.0 = Release|Any CPU
		{A6C00534-7191-4D0F-A782-131BCA88B740}.Release|x86.ActiveCfg = Release|Any CPU
		{A6C00534-7191-4D0F-A782-131BCA88B740}.Release|x86.Build.0 = Release|Any CPU
		{D07CBEBA-39F8-4A6B-A0E2-76069D4D13F7}.Debug|Any CPU.ActiveCfg = Debug|Any CPU
		{D07CBEBA-39F8-4A6B-A0E2-76069D4D13F7}.Debug|Any CPU.Build.0 = Debug|Any CPU
		{D07CBEBA-39F8-4A6B-A0E2-76069D4D13F7}.Debug|x64.ActiveCfg = Debug|Any CPU
		{D07CBEBA-39F8-4A6B-A0E2-76069D4D13F7}.Debug|x64.Build.0 = Debug|Any CPU
		{D07CBEBA-39F8-4A6B-A0E2-76069D4D13F7}.Debug|x86.ActiveCfg = Debug|Any CPU
		{D07CBEBA-39F8-4A6B-A0E2-76069D4D13F7}.Debug|x86.Build.0 = Debug|Any CPU
		{D07CBEBA-39F8-4A6B-A0E2-76069D4D13F7}.Release|Any CPU.ActiveCfg = Release|Any CPU
		{D07CBEBA-39F8-4A6B-A0E2-76069D4D13F7}.Release|Any CPU.Build.0 = Release|Any CPU
		{D07CBEBA-39F8-4A6B-A0E2-76069D4D13F7}.Release|x64.ActiveCfg = Release|Any CPU
		{D07CBEBA-39F8-4A6B-A0E2-76069D4D13F7}.Release|x64.Build.0 = Release|Any CPU
		{D07CBEBA-39F8-4A6B-A0E2-76069D4D13F7}.Release|x86.ActiveCfg = Release|Any CPU
		{D07CBEBA-39F8-4A6B-A0E2-76069D4D13F7}.Release|x86.Build.0 = Release|Any CPU
		{248F790B-180F-49DE-9128-A8B62E50CC15}.Debug|Any CPU.ActiveCfg = Debug|Any CPU
		{248F790B-180F-49DE-9128-A8B62E50CC15}.Debug|Any CPU.Build.0 = Debug|Any CPU
		{248F790B-180F-49DE-9128-A8B62E50CC15}.Debug|x64.ActiveCfg = Debug|Any CPU
		{248F790B-180F-49DE-9128-A8B62E50CC15}.Debug|x64.Build.0 = Debug|Any CPU
		{248F790B-180F-49DE-9128-A8B62E50CC15}.Debug|x86.ActiveCfg = Debug|Any CPU
		{248F790B-180F-49DE-9128-A8B62E50CC15}.Debug|x86.Build.0 = Debug|Any CPU
		{248F790B-180F-49DE-9128-A8B62E50CC15}.Release|Any CPU.ActiveCfg = Release|Any CPU
		{248F790B-180F-49DE-9128-A8B62E50CC15}.Release|Any CPU.Build.0 = Release|Any CPU
		{248F790B-180F-49DE-9128-A8B62E50CC15}.Release|x64.ActiveCfg = Release|Any CPU
		{248F790B-180F-49DE-9128-A8B62E50CC15}.Release|x64.Build.0 = Release|Any CPU
		{248F790B-180F-49DE-9128-A8B62E50CC15}.Release|x86.ActiveCfg = Release|Any CPU
		{248F790B-180F-49DE-9128-A8B62E50CC15}.Release|x86.Build.0 = Release|Any CPU
		{8F36B014-829D-4EFF-B1BD-E73B084ED5B2}.Debug|Any CPU.ActiveCfg = Debug|Any CPU
		{8F36B014-829D-4EFF-B1BD-E73B084ED5B2}.Debug|Any CPU.Build.0 = Debug|Any CPU
		{8F36B014-829D-4EFF-B1BD-E73B084ED5B2}.Debug|x64.ActiveCfg = Debug|Any CPU
		{8F36B014-829D-4EFF-B1BD-E73B084ED5B2}.Debug|x64.Build.0 = Debug|Any CPU
		{8F36B014-829D-4EFF-B1BD-E73B084ED5B2}.Debug|x86.ActiveCfg = Debug|Any CPU
		{8F36B014-829D-4EFF-B1BD-E73B084ED5B2}.Debug|x86.Build.0 = Debug|Any CPU
		{8F36B014-829D-4EFF-B1BD-E73B084ED5B2}.Release|Any CPU.ActiveCfg = Release|Any CPU
		{8F36B014-829D-4EFF-B1BD-E73B084ED5B2}.Release|Any CPU.Build.0 = Release|Any CPU
		{8F36B014-829D-4EFF-B1BD-E73B084ED5B2}.Release|x64.ActiveCfg = Release|Any CPU
		{8F36B014-829D-4EFF-B1BD-E73B084ED5B2}.Release|x64.Build.0 = Release|Any CPU
		{8F36B014-829D-4EFF-B1BD-E73B084ED5B2}.Release|x86.ActiveCfg = Release|Any CPU
		{8F36B014-829D-4EFF-B1BD-E73B084ED5B2}.Release|x86.Build.0 = Release|Any CPU
	EndGlobalSection
	GlobalSection(SolutionProperties) = preSolution
		HideSolutionNode = FALSE
	EndGlobalSection
	GlobalSection(NestedProjects) = preSolution
		{CB53D576-CAE3-417D-A3DC-899FC6E873EE} = {827E0CD3-B72D-47B6-A68D-7590B98EB39B}
		{218FBA5E-4CA4-4054-95E0-DA7AB31BDAB6} = {827E0CD3-B72D-47B6-A68D-7590B98EB39B}
		{013E1125-F9CA-477E-ABC1-74EADB0030D7} = {827E0CD3-B72D-47B6-A68D-7590B98EB39B}
		{A6C00534-7191-4D0F-A782-131BCA88B740} = {827E0CD3-B72D-47B6-A68D-7590B98EB39B}
		{D07CBEBA-39F8-4A6B-A0E2-76069D4D13F7} = {0AB3BF05-4346-4AA6-1389-037BE0695223}
		{248F790B-180F-49DE-9128-A8B62E50CC15} = {0AB3BF05-4346-4AA6-1389-037BE0695223}
		{8F36B014-829D-4EFF-B1BD-E73B084ED5B2} = {0AB3BF05-4346-4AA6-1389-037BE0695223}
	EndGlobalSection
EndGlobal
